# This file is automatically @generated by Poetry 1.8.3 and should not be changed by hand.

[[package]]
name = "aiofiles"
version = "24.1.0"
description = "File support for asyncio."
optional = false
python-versions = ">=3.8"
files = [
    {file = "aiofiles-24.1.0-py3-none-any.whl", hash = "sha256:b4ec55f4195e3eb5d7abd1bf7e061763e864dd4954231fb8539a0ef8bb8260e5"},
    {file = "aiofiles-24.1.0.tar.gz", hash = "sha256:22a075c9e5a3810f0c2e48f3008c94d68c65d763b9b03857924c99e57355166c"},
]

[[package]]
name = "blinker"
version = "1.8.2"
description = "Fast, simple object-to-object and broadcast signaling"
optional = false
python-versions = ">=3.8"
files = [
    {file = "blinker-1.8.2-py3-none-any.whl", hash = "sha256:1779309f71bf239144b9399d06ae925637cf6634cf6bd131104184531bf67c01"},
    {file = "blinker-1.8.2.tar.gz", hash = "sha256:8f77b09d3bf7c795e969e9486f39c2c5e9c39d4ee07424be2bc594ece9642d83"},
]

[[package]]
name = "click"
version = "8.1.7"
description = "Composable command line interface toolkit"
optional = false
python-versions = ">=3.7"
files = [
    {file = "click-8.1.7-py3-none-any.whl", hash = "sha256:ae74fb96c20a0277a1d615f1e4d73c8414f5a98db8b799a7931d1582f3390c28"},
    {file = "click-8.1.7.tar.gz", hash = "sha256:ca9853ad459e787e2192211578cc907e7594e294c7ccc834310722b41b9ca6de"},
]

[package.dependencies]
colorama = {version = "*", markers = "platform_system == \"Windows\""}

[[package]]
name = "colorama"
version = "0.4.6"
description = "Cross-platform colored terminal text."
optional = false
python-versions = "!=3.0.*,!=3.1.*,!=3.2.*,!=3.3.*,!=3.4.*,!=3.5.*,!=3.6.*,>=2.7"
files = [
    {file = "colorama-0.4.6-py2.py3-none-any.whl", hash = "sha256:4f1d9991f5acc0ca119f9d443620b77f9d6b33703e51011c16baf57afb285fc6"},
    {file = "colorama-0.4.6.tar.gz", hash = "sha256:08695f5cb7ed6e0531a20572697297273c47b8cae5a63ffc6d6ed5c201be6e44"},
]

[[package]]
name = "exceptiongroup"
version = "1.2.2"
description = "Backport of PEP 654 (exception groups)"
optional = false
python-versions = ">=3.7"
files = [
    {file = "exceptiongroup-1.2.2-py3-none-any.whl", hash = "sha256:3111b9d131c238bec2f8f516e123e14ba243563fb135d3fe885990585aa7795b"},
    {file = "exceptiongroup-1.2.2.tar.gz", hash = "sha256:47c2edf7c6738fafb49fd34290706d1a1a2f4d1c6df275526b62cbb4aa5393cc"},
]

[package.extras]
test = ["pytest (>=6)"]

[[package]]
name = "flask"
version = "3.0.3"
description = "A simple framework for building complex web applications."
optional = false
python-versions = ">=3.8"
files = [
    {file = "flask-3.0.3-py3-none-any.whl", hash = "sha256:34e815dfaa43340d1d15a5c3a02b8476004037eb4840b34910c6e21679d288f3"},
    {file = "flask-3.0.3.tar.gz", hash = "sha256:ceb27b0af3823ea2737928a4d99d125a06175b8512c445cbd9a9ce200ef76842"},
]

[package.dependencies]
blinker = ">=1.6.2"
click = ">=8.1.3"
itsdangerous = ">=2.1.2"
Jinja2 = ">=3.1.2"
Werkzeug = ">=3.0.0"

[package.extras]
async = ["asgiref (>=3.2)"]
dotenv = ["python-dotenv"]

[[package]]
name = "h11"
version = "0.14.0"
description = "A pure-Python, bring-your-own-I/O implementation of HTTP/1.1"
optional = false
python-versions = ">=3.7"
files = [
    {file = "h11-0.14.0-py3-none-any.whl", hash = "sha256:e3fe4ac4b851c468cc8363d500db52c2ead036020723024a109d37346efaa761"},
    {file = "h11-0.14.0.tar.gz", hash = "sha256:8f19fbbe99e72420ff35c00b27a34cb9937e902a8b810e2c88300c6f0a3b699d"},
]

[[package]]
name = "h2"
version = "4.1.0"
description = "HTTP/2 State-Machine based protocol implementation"
optional = false
python-versions = ">=3.6.1"
files = [
    {file = "h2-4.1.0-py3-none-any.whl", hash = "sha256:03a46bcf682256c95b5fd9e9a99c1323584c3eec6440d379b9903d709476bc6d"},
    {file = "h2-4.1.0.tar.gz", hash = "sha256:a83aca08fbe7aacb79fec788c9c0bac936343560ed9ec18b82a13a12c28d2abb"},
]

[package.dependencies]
hpack = ">=4.0,<5"
hyperframe = ">=6.0,<7"

[[package]]
name = "hpack"
version = "4.0.0"
description = "Pure-Python HPACK header compression"
optional = false
python-versions = ">=3.6.1"
files = [
    {file = "hpack-4.0.0-py3-none-any.whl", hash = "sha256:84a076fad3dc9a9f8063ccb8041ef100867b1878b25ef0ee63847a5d53818a6c"},
    {file = "hpack-4.0.0.tar.gz", hash = "sha256:fc41de0c63e687ebffde81187a948221294896f6bdc0ae2312708df339430095"},
]

[[package]]
name = "hypercorn"
version = "0.17.3"
description = "A ASGI Server based on Hyper libraries and inspired by Gunicorn"
optional = false
python-versions = ">=3.8"
files = [
    {file = "hypercorn-0.17.3-py3-none-any.whl", hash = "sha256:059215dec34537f9d40a69258d323f56344805efb462959e727152b0aa504547"},
    {file = "hypercorn-0.17.3.tar.gz", hash = "sha256:1b37802ee3ac52d2d85270700d565787ab16cf19e1462ccfa9f089ca17574165"},
]

[package.dependencies]
exceptiongroup = {version = ">=1.1.0", markers = "python_version < \"3.11\""}
h11 = "*"
h2 = ">=3.1.0"
priority = "*"
taskgroup = {version = "*", markers = "python_version < \"3.11\""}
tomli = {version = "*", markers = "python_version < \"3.11\""}
typing_extensions = {version = "*", markers = "python_version < \"3.11\""}
wsproto = ">=0.14.0"

[package.extras]
docs = ["pydata_sphinx_theme", "sphinxcontrib_mermaid"]
h3 = ["aioquic (>=0.9.0,<1.0)"]
trio = ["trio (>=0.22.0)"]
uvloop = ["uvloop (>=0.18)"]

[[package]]
name = "hyperframe"
version = "6.0.1"
description = "HTTP/2 framing layer for Python"
optional = false
python-versions = ">=3.6.1"
files = [
    {file = "hyperframe-6.0.1-py3-none-any.whl", hash = "sha256:0ec6bafd80d8ad2195c4f03aacba3a8265e57bc4cff261e802bf39970ed02a15"},
    {file = "hyperframe-6.0.1.tar.gz", hash = "sha256:ae510046231dc8e9ecb1a6586f63d2347bf4c8905914aa84ba585ae85f28a914"},
]

[[package]]
name = "itsdangerous"
version = "2.2.0"
description = "Safely pass data to untrusted environments and back."
optional = false
python-versions = ">=3.8"
files = [
    {file = "itsdangerous-2.2.0-py3-none-any.whl", hash = "sha256:c6242fc49e35958c8b15141343aa660db5fc54d4f13a1db01a3f5891b98700ef"},
    {file = "itsdangerous-2.2.0.tar.gz", hash = "sha256:e0050c0b7da1eea53ffaf149c0cfbb5c6e2e2b69c4bef22c81fa6eb73e5f6173"},
]

[[package]]
name = "jinja2"
version = "3.1.4"
description = "A very fast and expressive template engine."
optional = false
python-versions = ">=3.7"
files = [
    {file = "jinja2-3.1.4-py3-none-any.whl", hash = "sha256:bc5dd2abb727a5319567b7a813e6a2e7318c39f4f487cfe6c89c6f9c7d25197d"},
    {file = "jinja2-3.1.4.tar.gz", hash = "sha256:4a3aee7acbbe7303aede8e9648d13b8bf88a429282aa6122a993f0ac800cb369"},
]

[package.dependencies]
MarkupSafe = ">=2.0"

[package.extras]
i18n = ["Babel (>=2.7)"]

[[package]]
name = "markupsafe"
version = "2.1.5"
description = "Safely add untrusted strings to HTML/XML markup."
optional = false
python-versions = ">=3.7"
files = [
    {file = "MarkupSafe-2.1.5-cp310-cp310-macosx_10_9_universal2.whl", hash = "sha256:a17a92de5231666cfbe003f0e4b9b3a7ae3afb1ec2845aadc2bacc93ff85febc"},
    {file = "MarkupSafe-2.1.5-cp310-cp310-macosx_10_9_x86_64.whl", hash = "sha256:72b6be590cc35924b02c78ef34b467da4ba07e4e0f0454a2c5907f473fc50ce5"},
    {file = "MarkupSafe-2.1.5-cp310-cp310-manylinux_2_17_aarch64.manylinux2014_aarch64.whl", hash = "sha256:e61659ba32cf2cf1481e575d0462554625196a1f2fc06a1c777d3f48e8865d46"},
    {file = "MarkupSafe-2.1.5-cp310-cp310-manylinux_2_17_x86_64.manylinux2014_x86_64.whl", hash = "sha256:2174c595a0d73a3080ca3257b40096db99799265e1c27cc5a610743acd86d62f"},
    {file = "MarkupSafe-2.1.5-cp310-cp310-manylinux_2_5_i686.manylinux1_i686.manylinux_2_17_i686.manylinux2014_i686.whl", hash = "sha256:ae2ad8ae6ebee9d2d94b17fb62763125f3f374c25618198f40cbb8b525411900"},
    {file = "MarkupSafe-2.1.5-cp310-cp310-musllinux_1_1_aarch64.whl", hash = "sha256:075202fa5b72c86ad32dc7d0b56024ebdbcf2048c0ba09f1cde31bfdd57bcfff"},
    {file = "MarkupSafe-2.1.5-cp310-cp310-musllinux_1_1_i686.whl", hash = "sha256:598e3276b64aff0e7b3451b72e94fa3c238d452e7ddcd893c3ab324717456bad"},
    {file = "MarkupSafe-2.1.5-cp310-cp310-musllinux_1_1_x86_64.whl", hash = "sha256:fce659a462a1be54d2ffcacea5e3ba2d74daa74f30f5f143fe0c58636e355fdd"},
    {file = "MarkupSafe-2.1.5-cp310-cp310-win32.whl", hash = "sha256:d9fad5155d72433c921b782e58892377c44bd6252b5af2f67f16b194987338a4"},
    {file = "MarkupSafe-2.1.5-cp310-cp310-win_amd64.whl", hash = "sha256:bf50cd79a75d181c9181df03572cdce0fbb75cc353bc350712073108cba98de5"},
    {file = "MarkupSafe-2.1.5-cp311-cp311-macosx_10_9_universal2.whl", hash = "sha256:629ddd2ca402ae6dbedfceeba9c46d5f7b2a61d9749597d4307f943ef198fc1f"},
    {file = "MarkupSafe-2.1.5-cp311-cp311-macosx_10_9_x86_64.whl", hash = "sha256:5b7b716f97b52c5a14bffdf688f971b2d5ef4029127f1ad7a513973cfd818df2"},
    {file = "MarkupSafe-2.1.5-cp311-cp311-manylinux_2_17_aarch64.manylinux2014_aarch64.whl", hash = "sha256:6ec585f69cec0aa07d945b20805be741395e28ac1627333b1c5b0105962ffced"},
    {file = "MarkupSafe-2.1.5-cp311-cp311-manylinux_2_17_x86_64.manylinux2014_x86_64.whl", hash = "sha256:b91c037585eba9095565a3556f611e3cbfaa42ca1e865f7b8015fe5c7336d5a5"},
    {file = "MarkupSafe-2.1.5-cp311-cp311-manylinux_2_5_i686.manylinux1_i686.manylinux_2_17_i686.manylinux2014_i686.whl", hash = "sha256:7502934a33b54030eaf1194c21c692a534196063db72176b0c4028e140f8f32c"},
    {file = "MarkupSafe-2.1.5-cp311-cp311-musllinux_1_1_aarch64.whl", hash = "sha256:0e397ac966fdf721b2c528cf028494e86172b4feba51d65f81ffd65c63798f3f"},
    {file = "MarkupSafe-2.1.5-cp311-cp311-musllinux_1_1_i686.whl", hash = "sha256:c061bb86a71b42465156a3ee7bd58c8c2ceacdbeb95d05a99893e08b8467359a"},
    {file = "MarkupSafe-2.1.5-cp311-cp311-musllinux_1_1_x86_64.whl", hash = "sha256:3a57fdd7ce31c7ff06cdfbf31dafa96cc533c21e443d57f5b1ecc6cdc668ec7f"},
    {file = "MarkupSafe-2.1.5-cp311-cp311-win32.whl", hash = "sha256:397081c1a0bfb5124355710fe79478cdbeb39626492b15d399526ae53422b906"},
    {file = "MarkupSafe-2.1.5-cp311-cp311-win_amd64.whl", hash = "sha256:2b7c57a4dfc4f16f7142221afe5ba4e093e09e728ca65c51f5620c9aaeb9a617"},
    {file = "MarkupSafe-2.1.5-cp312-cp312-macosx_10_9_universal2.whl", hash = "sha256:8dec4936e9c3100156f8a2dc89c4b88d5c435175ff03413b443469c7c8c5f4d1"},
    {file = "MarkupSafe-2.1.5-cp312-cp312-macosx_10_9_x86_64.whl", hash = "sha256:3c6b973f22eb18a789b1460b4b91bf04ae3f0c4234a0a6aa6b0a92f6f7b951d4"},
    {file = "MarkupSafe-2.1.5-cp312-cp312-manylinux_2_17_aarch64.manylinux2014_aarch64.whl", hash = "sha256:ac07bad82163452a6884fe8fa0963fb98c2346ba78d779ec06bd7a6262132aee"},
    {file = "MarkupSafe-2.1.5-cp312-cp312-manylinux_2_17_x86_64.manylinux2014_x86_64.whl", hash = "sha256:f5dfb42c4604dddc8e4305050aa6deb084540643ed5804d7455b5df8fe16f5e5"},
    {file = "MarkupSafe-2.1.5-cp312-cp312-manylinux_2_5_i686.manylinux1_i686.manylinux_2_17_i686.manylinux2014_i686.whl", hash = "sha256:ea3d8a3d18833cf4304cd2fc9cbb1efe188ca9b5efef2bdac7adc20594a0e46b"},
    {file = "MarkupSafe-2.1.5-cp312-cp312-musllinux_1_1_aarch64.whl", hash = "sha256:d050b3361367a06d752db6ead6e7edeb0009be66bc3bae0ee9d97fb326badc2a"},
    {file = "MarkupSafe-2.1.5-cp312-cp312-musllinux_1_1_i686.whl", hash = "sha256:bec0a414d016ac1a18862a519e54b2fd0fc8bbfd6890376898a6c0891dd82e9f"},
    {file = "MarkupSafe-2.1.5-cp312-cp312-musllinux_1_1_x86_64.whl", hash = "sha256:58c98fee265677f63a4385256a6d7683ab1832f3ddd1e66fe948d5880c21a169"},
    {file = "MarkupSafe-2.1.5-cp312-cp312-win32.whl", hash = "sha256:8590b4ae07a35970728874632fed7bd57b26b0102df2d2b233b6d9d82f6c62ad"},
    {file = "MarkupSafe-2.1.5-cp312-cp312-win_amd64.whl", hash = "sha256:823b65d8706e32ad2df51ed89496147a42a2a6e01c13cfb6ffb8b1e92bc910bb"},
    {file = "MarkupSafe-2.1.5-cp37-cp37m-macosx_10_9_x86_64.whl", hash = "sha256:c8b29db45f8fe46ad280a7294f5c3ec36dbac9491f2d1c17345be8e69cc5928f"},
    {file = "MarkupSafe-2.1.5-cp37-cp37m-manylinux_2_17_aarch64.manylinux2014_aarch64.whl", hash = "sha256:ec6a563cff360b50eed26f13adc43e61bc0c04d94b8be985e6fb24b81f6dcfdf"},
    {file = "MarkupSafe-2.1.5-cp37-cp37m-manylinux_2_17_x86_64.manylinux2014_x86_64.whl", hash = "sha256:a549b9c31bec33820e885335b451286e2969a2d9e24879f83fe904a5ce59d70a"},
    {file = "MarkupSafe-2.1.5-cp37-cp37m-manylinux_2_5_i686.manylinux1_i686.manylinux_2_17_i686.manylinux2014_i686.whl", hash = "sha256:4f11aa001c540f62c6166c7726f71f7573b52c68c31f014c25cc7901deea0b52"},
    {file = "MarkupSafe-2.1.5-cp37-cp37m-musllinux_1_1_aarch64.whl", hash = "sha256:7b2e5a267c855eea6b4283940daa6e88a285f5f2a67f2220203786dfa59b37e9"},
    {file = "MarkupSafe-2.1.5-cp37-cp37m-musllinux_1_1_i686.whl", hash = "sha256:2d2d793e36e230fd32babe143b04cec8a8b3eb8a3122d2aceb4a371e6b09b8df"},
    {file = "MarkupSafe-2.1.5-cp37-cp37m-musllinux_1_1_x86_64.whl", hash = "sha256:ce409136744f6521e39fd8e2a24c53fa18ad67aa5bc7c2cf83645cce5b5c4e50"},
    {file = "MarkupSafe-2.1.5-cp37-cp37m-win32.whl", hash = "sha256:4096e9de5c6fdf43fb4f04c26fb114f61ef0bf2e5604b6ee3019d51b69e8c371"},
    {file = "MarkupSafe-2.1.5-cp37-cp37m-win_amd64.whl", hash = "sha256:4275d846e41ecefa46e2015117a9f491e57a71ddd59bbead77e904dc02b1bed2"},
    {file = "MarkupSafe-2.1.5-cp38-cp38-macosx_10_9_universal2.whl", hash = "sha256:656f7526c69fac7f600bd1f400991cc282b417d17539a1b228617081106feb4a"},
    {file = "MarkupSafe-2.1.5-cp38-cp38-macosx_10_9_x86_64.whl", hash = "sha256:97cafb1f3cbcd3fd2b6fbfb99ae11cdb14deea0736fc2b0952ee177f2b813a46"},
    {file = "MarkupSafe-2.1.5-cp38-cp38-manylinux_2_17_aarch64.manylinux2014_aarch64.whl", hash = "sha256:1f3fbcb7ef1f16e48246f704ab79d79da8a46891e2da03f8783a5b6fa41a9532"},
    {file = "MarkupSafe-2.1.5-cp38-cp38-manylinux_2_17_x86_64.manylinux2014_x86_64.whl", hash = "sha256:fa9db3f79de01457b03d4f01b34cf91bc0048eb2c3846ff26f66687c2f6d16ab"},
    {file = "MarkupSafe-2.1.5-cp38-cp38-manylinux_2_5_i686.manylinux1_i686.manylinux_2_17_i686.manylinux2014_i686.whl", hash = "sha256:ffee1f21e5ef0d712f9033568f8344d5da8cc2869dbd08d87c84656e6a2d2f68"},
    {file = "MarkupSafe-2.1.5-cp38-cp38-musllinux_1_1_aarch64.whl", hash = "sha256:5dedb4db619ba5a2787a94d877bc8ffc0566f92a01c0ef214865e54ecc9ee5e0"},
    {file = "MarkupSafe-2.1.5-cp38-cp38-musllinux_1_1_i686.whl", hash = "sha256:30b600cf0a7ac9234b2638fbc0fb6158ba5bdcdf46aeb631ead21248b9affbc4"},
    {file = "MarkupSafe-2.1.5-cp38-cp38-musllinux_1_1_x86_64.whl", hash = "sha256:8dd717634f5a044f860435c1d8c16a270ddf0ef8588d4887037c5028b859b0c3"},
    {file = "MarkupSafe-2.1.5-cp38-cp38-win32.whl", hash = "sha256:daa4ee5a243f0f20d528d939d06670a298dd39b1ad5f8a72a4275124a7819eff"},
    {file = "MarkupSafe-2.1.5-cp38-cp38-win_amd64.whl", hash = "sha256:619bc166c4f2de5caa5a633b8b7326fbe98e0ccbfacabd87268a2b15ff73a029"},
    {file = "MarkupSafe-2.1.5-cp39-cp39-macosx_10_9_universal2.whl", hash = "sha256:7a68b554d356a91cce1236aa7682dc01df0edba8d043fd1ce607c49dd3c1edcf"},
    {file = "MarkupSafe-2.1.5-cp39-cp39-macosx_10_9_x86_64.whl", hash = "sha256:db0b55e0f3cc0be60c1f19efdde9a637c32740486004f20d1cff53c3c0ece4d2"},
    {file = "MarkupSafe-2.1.5-cp39-cp39-manylinux_2_17_aarch64.manylinux2014_aarch64.whl", hash = "sha256:3e53af139f8579a6d5f7b76549125f0d94d7e630761a2111bc431fd820e163b8"},
    {file = "MarkupSafe-2.1.5-cp39-cp39-manylinux_2_17_x86_64.manylinux2014_x86_64.whl", hash = "sha256:17b950fccb810b3293638215058e432159d2b71005c74371d784862b7e4683f3"},
    {file = "MarkupSafe-2.1.5-cp39-cp39-manylinux_2_5_i686.manylinux1_i686.manylinux_2_17_i686.manylinux2014_i686.whl", hash = "sha256:4c31f53cdae6ecfa91a77820e8b151dba54ab528ba65dfd235c80b086d68a465"},
    {file = "MarkupSafe-2.1.5-cp39-cp39-musllinux_1_1_aarch64.whl", hash = "sha256:bff1b4290a66b490a2f4719358c0cdcd9bafb6b8f061e45c7a2460866bf50c2e"},
    {file = "MarkupSafe-2.1.5-cp39-cp39-musllinux_1_1_i686.whl", hash = "sha256:bc1667f8b83f48511b94671e0e441401371dfd0f0a795c7daa4a3cd1dde55bea"},
    {file = "MarkupSafe-2.1.5-cp39-cp39-musllinux_1_1_x86_64.whl", hash = "sha256:5049256f536511ee3f7e1b3f87d1d1209d327e818e6ae1365e8653d7e3abb6a6"},
    {file = "MarkupSafe-2.1.5-cp39-cp39-win32.whl", hash = "sha256:00e046b6dd71aa03a41079792f8473dc494d564611a8f89bbbd7cb93295ebdcf"},
    {file = "MarkupSafe-2.1.5-cp39-cp39-win_amd64.whl", hash = "sha256:fa173ec60341d6bb97a89f5ea19c85c5643c1e7dedebc22f5181eb73573142c5"},
    {file = "MarkupSafe-2.1.5.tar.gz", hash = "sha256:d283d37a890ba4c1ae73ffadf8046435c76e7bc2247bbb63c00bd1a709c6544b"},
]

[[package]]
name = "priority"
version = "2.0.0"
description = "A pure-Python implementation of the HTTP/2 priority tree"
optional = false
python-versions = ">=3.6.1"
files = [
    {file = "priority-2.0.0-py3-none-any.whl", hash = "sha256:6f8eefce5f3ad59baf2c080a664037bb4725cd0a790d53d59ab4059288faf6aa"},
    {file = "priority-2.0.0.tar.gz", hash = "sha256:c965d54f1b8d0d0b19479db3924c7c36cf672dbf2aec92d43fbdaf4492ba18c0"},
]

[[package]]
name = "pyaes"
version = "1.6.1"
description = "Pure-Python Implementation of the AES block-cipher and common modes of operation"
optional = false
python-versions = "*"
files = [
    {file = "pyaes-1.6.1.tar.gz", hash = "sha256:02c1b1405c38d3c370b085fb952dd8bea3fadcee6411ad99f312cc129c536d8f"},
]

[[package]]
name = "pyrogram"
version = "2.0.106"
description = "Elegant, modern and asynchronous Telegram MTProto API framework in Python for users and bots"
optional = false
python-versions = "~=3.7"
files = [
    {file = "Pyrogram-2.0.106-py3-none-any.whl", hash = "sha256:32b62b3d93030b1080cbe45b88c0e8790cf4e2179cf3321ede810d48edf97bc7"},
    {file = "Pyrogram-2.0.106.tar.gz", hash = "sha256:30202995758fcb6e0f91224704ab7fedefea454297724bd70a6a71a23748c16f"},
]

[package.dependencies]
pyaes = "1.6.1"
pysocks = "1.7.1"

[[package]]
name = "pysocks"
version = "1.7.1"
description = "A Python SOCKS client module. See https://github.com/Anorov/PySocks for more information."
optional = false
python-versions = ">=2.7, !=3.0.*, !=3.1.*, !=3.2.*, !=3.3.*"
files = [
    {file = "PySocks-1.7.1-py27-none-any.whl", hash = "sha256:08e69f092cc6dbe92a0fdd16eeb9b9ffbc13cadfe5ca4c7bd92ffb078b293299"},
    {file = "PySocks-1.7.1-py3-none-any.whl", hash = "sha256:2725bd0a9925919b9b51739eea5f9e2bae91e83288108a9ad338b2e3a4435ee5"},
    {file = "PySocks-1.7.1.tar.gz", hash = "sha256:3f8804571ebe159c380ac6de37643bb4685970655d3bba243530d6558b799aa0"},
]

[[package]]
name = "quart"
version = "0.19.6"
description = "A Python ASGI web microframework with the same API as Flask"
optional = false
python-versions = ">=3.8"
files = [
    {file = "quart-0.19.6-py3-none-any.whl", hash = "sha256:f9092310f4eb120903da692a5e4354f05d48c28ca7ec3054d3d94dd862412c58"},
    {file = "quart-0.19.6.tar.gz", hash = "sha256:89ddda6da24300a5ea4f21e4582d5e89bc8ea678e724e0b747767143401e4558"},
]

[package.dependencies]
aiofiles = "*"
blinker = ">=1.6"
click = ">=8.0.0"
flask = ">=3.0.0"
hypercorn = ">=0.11.2"
itsdangerous = "*"
jinja2 = "*"
markupsafe = "*"
werkzeug = ">=3.0.0"

[package.extras]
docs = ["pydata_sphinx_theme"]
dotenv = ["python-dotenv"]

[[package]]
name = "taskgroup"
version = "0.0.0a4"
description = "backport of asyncio.TaskGroup, asyncio.Runner and asyncio.timeout"
optional = false
python-versions = "*"
files = [
    {file = "taskgroup-0.0.0a4-py2.py3-none-any.whl", hash = "sha256:5c1bd0e4c06114e7a4128583ab75c987597d5378a33948a3b74c662b90f61277"},
    {file = "taskgroup-0.0.0a4.tar.gz", hash = "sha256:eb08902d221e27661950f2a0320ddf3f939f579279996f81fe30779bca3a159c"},
]

[package.dependencies]
exceptiongroup = "*"

[[package]]
name = "tgcrypto"
version = "1.2.5"
description = "Fast and Portable Cryptography Extension Library for Pyrogram"
optional = false
python-versions = "~=3.7"
files = [
    {file = "TgCrypto-1.2.5-cp310-cp310-macosx_10_9_universal2.whl", hash = "sha256:4507102377002966f35f2481830b7529e00c9bbff8c7d1e09634f984af801675"},
    {file = "TgCrypto-1.2.5-cp310-cp310-macosx_10_9_x86_64.whl", hash = "sha256:38fe25c0d79b41d7a89caba2a78dea0358e17ca73b033cefd16abed680685829"},
    {file = "TgCrypto-1.2.5-cp310-cp310-macosx_11_0_arm64.whl", hash = "sha256:c035bf8ef89846f67e77e82ea85c089b6ea30631b32e8ac1a6511b9be52ab065"},
    {file = "TgCrypto-1.2.5-cp310-cp310-manylinux_2_17_x86_64.manylinux2014_x86_64.whl", hash = "sha256:f594e2680daf20dbac6bf56862f567ddc3cc8d6a19757ed07faa8320ff7acee4"},
    {file = "TgCrypto-1.2.5-cp310-cp310-manylinux_2_5_i686.manylinux1_i686.manylinux_2_17_i686.manylinux2014_i686.whl", hash = "sha256:8723a16076e229ffdf537fdb5e638227d10f44ca43e6939db1eab524de6eaed7"},
    {file = "TgCrypto-1.2.5-cp310-cp310-musllinux_1_1_i686.whl", hash = "sha256:c1c8d974b8b2d7132364b6f0f6712b92bfe47ab9c5dcee25c70327ff68d22d95"},
    {file = "TgCrypto-1.2.5-cp310-cp310-musllinux_1_1_x86_64.whl", hash = "sha256:89d9c143a1fcdb2562a4aa887152abbe9253e1979d7bebef2b489148e0bbe086"},
    {file = "TgCrypto-1.2.5-cp310-cp310-win32.whl", hash = "sha256:aa4bc1d11d4a90811c162abd45a5981f171679d1b5bd0322cd7ccd16447366a2"},
    {file = "TgCrypto-1.2.5-cp310-cp310-win_amd64.whl", hash = "sha256:39145103614c5e38fe938549742d355920f4a0778fa8259eb69c0c85ba4b1d28"},
    {file = "TgCrypto-1.2.5-cp311-cp311-macosx_10_9_universal2.whl", hash = "sha256:59597cdb1c87eb1184088563d20b42a8f2e431e9334fed64926079044ad2a4af"},
    {file = "TgCrypto-1.2.5-cp311-cp311-macosx_10_9_x86_64.whl", hash = "sha256:1283337ae75b02406dd700377b8b783e70033b548492517df6e6c4156b0ed69c"},
    {file = "TgCrypto-1.2.5-cp311-cp311-macosx_11_0_arm64.whl", hash = "sha256:1735437df0023a40e5fdd95e6b09ce806ec8f2cd2f8879023818840dfae60cab"},
    {file = "TgCrypto-1.2.5-cp311-cp311-manylinux_2_17_x86_64.manylinux2014_x86_64.whl", hash = "sha256:cfa17a20206532c6d2442c9d7a7f6434120bd75896ad9a3e9b9277477afa084f"},
    {file = "TgCrypto-1.2.5-cp311-cp311-manylinux_2_5_i686.manylinux1_i686.manylinux_2_17_i686.manylinux2014_i686.whl", hash = "sha256:48da3674474839e5619e7430ff1f98aed9f55369f3cfaef7f65511852869572e"},
    {file = "TgCrypto-1.2.5-cp311-cp311-musllinux_1_1_i686.whl", hash = "sha256:b49e982e5b156be821a5235bd9102c00dc506a58607e2c8bd50ac872724a951f"},
    {file = "TgCrypto-1.2.5-cp311-cp311-musllinux_1_1_x86_64.whl", hash = "sha256:9d9f13586065a6d86d05c16409054033a84be208acee29b49f6f194e27b08642"},
    {file = "TgCrypto-1.2.5-cp311-cp311-win32.whl", hash = "sha256:10dd3870aecb1a783c6eafd3b164b2149dbc93a9ee13feb7e6f5c58f87c24cd0"},
    {file = "TgCrypto-1.2.5-cp311-cp311-win_amd64.whl", hash = "sha256:a1beec47d6af8b509af7cf266e30f7703208076076594714005b42d2c25225b3"},
    {file = "TgCrypto-1.2.5-cp37-cp37m-macosx_10_9_x86_64.whl", hash = "sha256:c133ddc95ae9c6cd6ad742c4b8c30191214db8dc724268bee59a339e22b2028b"},
    {file = "TgCrypto-1.2.5-cp37-cp37m-manylinux_2_17_x86_64.manylinux2014_x86_64.whl", hash = "sha256:7f6537f6af3d80be67bd2625a0990ee88c6ae58d33bdb88d99591bd6e97ee7a0"},
    {file = "TgCrypto-1.2.5-cp37-cp37m-manylinux_2_5_i686.manylinux1_i686.manylinux_2_17_i686.manylinux2014_i686.whl", hash = "sha256:bdebbd9cffd10c42a2f60886dcab0272ddd38330d0cf7ccf026230b826573f59"},
    {file = "TgCrypto-1.2.5-cp37-cp37m-musllinux_1_1_i686.whl", hash = "sha256:45683659ec6475ee8ff60e12167ec19aacfd7527decafe446434fa1a7e6760a7"},
    {file = "TgCrypto-1.2.5-cp37-cp37m-musllinux_1_1_x86_64.whl", hash = "sha256:eafad246fd9aa63ff709a6e8c905c24fd7520ef96e33a2c3e1ccdb4fb2b2f331"},
    {file = "TgCrypto-1.2.5-cp37-cp37m-win32.whl", hash = "sha256:1445217d22101946d38ee7d628cdb3de92db4eb130183a22030c07d7888f21b0"},
    {file = "TgCrypto-1.2.5-cp37-cp37m-win_amd64.whl", hash = "sha256:b7e8402fe4023dc9666c0bc1b30fcf0d98a294e48d35f311a3eadfe105af04d4"},
    {file = "TgCrypto-1.2.5-cp38-cp38-macosx_10_9_universal2.whl", hash = "sha256:56e1ec34e75fa2e3dcf7f74f1017d8e16c1eb8a8e031eaaa06c57f836e0d3bcc"},
    {file = "TgCrypto-1.2.5-cp38-cp38-macosx_10_9_x86_64.whl", hash = "sha256:ca8814d6cc412775a43a021fce2d23e83a5336e9e9f38d0998d821cdf55c1d50"},
    {file = "TgCrypto-1.2.5-cp38-cp38-macosx_11_0_arm64.whl", hash = "sha256:bb82e53f20ce5653573832f3c05fa525cc1769bdd685408b19f26d82d5e9001b"},
    {file = "TgCrypto-1.2.5-cp38-cp38-manylinux_2_17_x86_64.manylinux2014_x86_64.whl", hash = "sha256:0133936eac63cc9529b497d759b7d0ca21e491bb42481b40b603ee63bb8c10b7"},
    {file = "TgCrypto-1.2.5-cp38-cp38-manylinux_2_5_i686.manylinux1_i686.manylinux_2_17_i686.manylinux2014_i686.whl", hash = "sha256:76fe0a3ad838dcf300ac88233cbffc2ad63478eb0ae9fa671694e184d88ec1cd"},
    {file = "TgCrypto-1.2.5-cp38-cp38-musllinux_1_1_i686.whl", hash = "sha256:7070c6e063befb6d04eab46e8b1ffbee47a497971be11496d23837fc007e7685"},
    {file = "TgCrypto-1.2.5-cp38-cp38-musllinux_1_1_x86_64.whl", hash = "sha256:ed53d0c4a5e6f75d4b1cab17535afe210cd3120fb88f44a8c4562d43c2a3bb16"},
    {file = "TgCrypto-1.2.5-cp38-cp38-win32.whl", hash = "sha256:f7ec9f0a571fcc38fbee224943ed9918123f752ac19bae5c195d8322f5b20fab"},
    {file = "TgCrypto-1.2.5-cp38-cp38-win_amd64.whl", hash = "sha256:362ab28fc75e6b066e5bb15fb5296f75f4238d6c1cbcaaa1e5756cd5c168b74b"},
    {file = "TgCrypto-1.2.5-cp39-cp39-macosx_10_9_universal2.whl", hash = "sha256:7885a75db09ce8bdba42d2c332085bfe314f232541a729808c7507ffa261ff9a"},
    {file = "TgCrypto-1.2.5-cp39-cp39-macosx_10_9_x86_64.whl", hash = "sha256:0d28aa317364a5c27317fe97a48267aa1c65c9aaf589909e97489ebe82a714e3"},
    {file = "TgCrypto-1.2.5-cp39-cp39-macosx_11_0_arm64.whl", hash = "sha256:940974e19044dc65bcf7b9c5255173b896dff010142f3833047dc55d59cde21c"},
    {file = "TgCrypto-1.2.5-cp39-cp39-manylinux_2_17_x86_64.manylinux2014_x86_64.whl", hash = "sha256:457c657dd10ffb4bbbb007132a0f6a7bee5080176a98c51f285fedf636b624cb"},
    {file = "TgCrypto-1.2.5-cp39-cp39-manylinux_2_5_i686.manylinux1_i686.manylinux_2_17_i686.manylinux2014_i686.whl", hash = "sha256:539bdc6b9239fb6a6b134591a998dc7f50d4dcc4fed861f80540682acc0c3802"},
    {file = "TgCrypto-1.2.5-cp39-cp39-musllinux_1_1_i686.whl", hash = "sha256:4d70d5517d64ca952896b726d22c8a66594e6f6259ee2cb4fa134c02d0e8c3e0"},
    {file = "TgCrypto-1.2.5-cp39-cp39-musllinux_1_1_x86_64.whl", hash = "sha256:90b6337d3ae4348ed14f89dd2ebf7011fa63d67a48c8a98d955a1e392176c60a"},
    {file = "TgCrypto-1.2.5-cp39-cp39-win32.whl", hash = "sha256:37c4b9be82716fbc6d2b123caef448eee28683888803db075d842327766f7624"},
    {file = "TgCrypto-1.2.5-cp39-cp39-win_amd64.whl", hash = "sha256:6e96b3a478fae977228c5750194c20a18cde402bbbea6593de424f84d4a8893b"},
    {file = "TgCrypto-1.2.5-pp37-pypy37_pp73-macosx_10_9_x86_64.whl", hash = "sha256:4d93686e6254eb0a32a0a60e849b41a867a2770b27b48f978fd391dce2b83aeb"},
    {file = "TgCrypto-1.2.5-pp37-pypy37_pp73-manylinux_2_17_x86_64.manylinux2014_x86_64.whl", hash = "sha256:7b7fe81fad7c64479c83f31fc10e79fb20a114bca414e5e17f5e0c8b363153f8"},
    {file = "TgCrypto-1.2.5-pp37-pypy37_pp73-manylinux_2_5_i686.manylinux1_i686.manylinux_2_17_i686.manylinux2014_i686.whl", hash = "sha256:ace308f5842a0d6c04fc1ae92cb4320b4b13bfc711031c1c18d9124697685ba0"},
    {file = "TgCrypto-1.2.5-pp37-pypy37_pp73-win_amd64.whl", hash = "sha256:36a570ecd12a428222b10ea8b5a8e0d83ea8750e4de1d5ea53d068b84341b450"},
    {file = "TgCrypto-1.2.5-pp38-pypy38_pp73-macosx_10_9_x86_64.whl", hash = "sha256:ba9e067fd9751b3bbd7c979210431000e44f70001d921237e9c4672bf30f07bc"},
    {file = "TgCrypto-1.2.5-pp38-pypy38_pp73-manylinux_2_17_x86_64.manylinux2014_x86_64.whl", hash = "sha256:80e2414f1a95087d7e46fb54cb387df66424c4ec156fb1a8d8e1d4aa38eb65cf"},
    {file = "TgCrypto-1.2.5-pp38-pypy38_pp73-manylinux_2_5_i686.manylinux1_i686.manylinux_2_17_i686.manylinux2014_i686.whl", hash = "sha256:66c5b5bf701b5efc3e4c5d83439d767a3dd48f17a1d840eda6b4d1918844a8f9"},
    {file = "TgCrypto-1.2.5-pp38-pypy38_pp73-win_amd64.whl", hash = "sha256:5d27d6c414eb4775022b05fdd571090bfd92854115e86184ac1832060fbaa510"},
    {file = "TgCrypto-1.2.5-pp39-pypy39_pp73-macosx_10_9_x86_64.whl", hash = "sha256:9b0a088ff2e05b6bbe891da936f62b99bd85202b2b9f4f57f71a408490dd518c"},
    {file = "TgCrypto-1.2.5-pp39-pypy39_pp73-manylinux_2_17_x86_64.manylinux2014_x86_64.whl", hash = "sha256:f245895c7d518342089d15b5dca3cee9ffa5a0f3534db9d5a930f6a27dff4adf"},
    {file = "TgCrypto-1.2.5-pp39-pypy39_pp73-manylinux_2_5_i686.manylinux1_i686.manylinux_2_17_i686.manylinux2014_i686.whl", hash = "sha256:7dbf607d645c39a577a0f8571039d11ddd2dcdf9656465be75f9e0f540472444"},
    {file = "TgCrypto-1.2.5-pp39-pypy39_pp73-win_amd64.whl", hash = "sha256:d6b0c2dc84e632ce7b3d0b767cfe20967e557ad7d71ea5dbd7df2dd544323181"},
    {file = "TgCrypto-1.2.5.tar.gz", hash = "sha256:9bc2cac6fb9a12ef5b08f3dd500174fe374d89b660cce981f57e3138559cb682"},
]

[[package]]
name = "tomli"
version = "2.0.1"
description = "A lil' TOML parser"
optional = false
python-versions = ">=3.7"
files = [
    {file = "tomli-2.0.1-py3-none-any.whl", hash = "sha256:939de3e7a6161af0c887ef91b7d41a53e7c5a1ca976325f429cb46ea9bc30ecc"},
    {file = "tomli-2.0.1.tar.gz", hash = "sha256:de526c12914f0c550d15924c62d72abc48d6fe7364aa87328337a31007fe8a4f"},
]

[[package]]
name = "typing-extensions"
version = "4.12.2"
description = "Backported and Experimental Type Hints for Python 3.8+"
optional = false
python-versions = ">=3.8"
files = [
    {file = "typing_extensions-4.12.2-py3-none-any.whl", hash = "sha256:04e5ca0351e0f3f85c6853954072df659d0d13fac324d0072316b67d7794700d"},
    {file = "typing_extensions-4.12.2.tar.gz", hash = "sha256:1a7ead55c7e559dd4dee8856e3a88b41225abfe1ce8df57b7c13915fe121ffb8"},
]

[[package]]
name = "werkzeug"
version = "3.0.4"
description = "The comprehensive WSGI web application library."
optional = false
python-versions = ">=3.8"
files = [
    {file = "werkzeug-3.0.4-py3-none-any.whl", hash = "sha256:02c9eb92b7d6c06f31a782811505d2157837cea66aaede3e217c7c27c039476c"},
    {file = "werkzeug-3.0.4.tar.gz", hash = "sha256:34f2371506b250df4d4f84bfe7b0921e4762525762bbd936614909fe25cd7306"},
]

[package.dependencies]
MarkupSafe = ">=2.1.1"

[package.extras]
watchdog = ["watchdog (>=2.3)"]

[[package]]
name = "wsproto"
version = "1.2.0"
description = "WebSockets state-machine based protocol implementation"
optional = false
python-versions = ">=3.7.0"
files = [
    {file = "wsproto-1.2.0-py3-none-any.whl", hash = "sha256:b9acddd652b585d75b20477888c56642fdade28bdfd3579aa24a4d2c037dd736"},
    {file = "wsproto-1.2.0.tar.gz", hash = "sha256:ad565f26ecb92588a3e43bc3d96164de84cd9902482b130d0ddbaa9664a85065"},
]

[package.dependencies]
h11 = ">=0.9.0,<1"

[metadata]
lock-version = "2.0"
python-versions = "^3.10"
content-hash = "613f8dc25b9ebdda9bfd7104c114cd10f901f5deb674e688e972f065c9f722be"
